
Microsoft Visual Studio Solution File, Format Version 12.00
# Visual Studio Version 17
VisualStudioVersion = 17.1.32210.238
MinimumVisualStudioVersion = 10.0.40219.1
Project("{8BC9CEB8-8B4A-11D0-8D11-00A0C91BC942}") = "ISPExperiment01", "ISPExperiment01\ISPExperiment01.vcxproj", "{FF58403B-811F-4929-99EC-7FE4834677DD}"
EndProject
Global
	GlobalSection(SolutionConfigurationPlatforms) = preSolution
		Debug|x64 = Debug|x64
		Debug|x86 = Debug|x86
		Release|x64 = Release|x64
		Release|x86 = Release|x86
	EndGlobalSection
	GlobalSection(ProjectConfigurationPlatforms) = postSolution
		{FF58403B-811F-4929-99EC-7FE4834677DD}.Debug|x64.ActiveCfg = Debug|x64
		{FF58403B-811F-4929-99EC-7FE4834677DD}.Debug|x64.Build.0 = Debug|x64
		{FF58403B-811F-4929-99EC-7FE4834677DD}.Debug|x86.ActiveCfg = Debug|Win32
		{FF58403B-811F-4929-99EC-7FE4834677DD}.Debug|x86.Build.0 = Debug|Win32
		{FF58403B-811F-4929-99EC-7FE4834677DD}.Release|x64.ActiveCfg = Release|x64
		{FF58403B-811F-4929-99EC-7FE4834677DD}.Release|x64.Build.0 = Release|x64
		{FF58403B-811F-4929-99EC-7FE4834677DD}.Release|x86.ActiveCfg = Release|Win32
		{FF58403B-811F-4929-99EC-7FE4834677DD}.Release|x86.Build.0 = Release|Win32
	EndGlobalSection
	GlobalSection(SolutionProperties) = preSolution
		HideSolutionNode = FALSE
	EndGlobalSection
	GlobalSection(ExtensibilityGlobals) = postSolution
		SolutionGuid = {B8A75E0D-A76D-4211-A536-D4F26221A186}
	EndGlobalSection
EndGlobal
