
Microsoft Visual Studio Solution File, Format Version 12.00
# Visual Studio Version 17
VisualStudioVersion = 17.9.34728.123
MinimumVisualStudioVersion = 10.0.40219.1
Project("{FAE04EC0-301F-11D3-BF4B-00C04F79EFBC}") = "OpenPGP_FMS", "OpenPGP_FMS\OpenPGP_FMS.csproj", "{11FB22AB-9821-4014-AFE3-168F2CEE0E31}"
EndProject
Global
	GlobalSection(SolutionConfigurationPlatforms) = preSolution
		Debug|Any CPU = Debug|Any CPU
		Release|Any CPU = Release|Any CPU
	EndGlobalSection
	GlobalSection(ProjectConfigurationPlatforms) = postSolution
		{11FB22AB-9821-4014-AFE3-168F2CEE0E31}.Debug|Any CPU.ActiveCfg = Debug|Any CPU
		{11FB22AB-9821-4014-AFE3-168F2CEE0E31}.Debug|Any CPU.Build.0 = Debug|Any CPU
		{11FB22AB-9821-4014-AFE3-168F2CEE0E31}.Release|Any CPU.ActiveCfg = Debug|Any CPU
		{11FB22AB-9821-4014-AFE3-168F2CEE0E31}.Release|Any CPU.Build.0 = Debug|Any CPU
	EndGlobalSection
	GlobalSection(SolutionProperties) = preSolution
		HideSolutionNode = FALSE
	EndGlobalSection
	GlobalSection(ExtensibilityGlobals) = postSolution
		SolutionGuid = {41C85906-FB97-441B-B1C7-F052E1AAAEC8}
	EndGlobalSection
EndGlobal
